
Microsoft Visual Studio Solution File, Format Version 12.00
# Visual Studio Version 17
VisualStudioVersion = 17.6.33723.286
MinimumVisualStudioVersion = 10.0.40219.1
Project("{9A19103F-16F7-4668-BE54-9A1E7A4F7556}") = "SharedLibrary", "SharedLibrary\SharedLibrary.csproj", "{087AB466-7B38-48C8-ABBD-60DACEE49493}"
EndProject
Project("{FAE04EC0-301F-11D3-BF4B-00C04F79EFBC}") = "PetFeeder.Device", "PetFeeder.Device\PetFeeder.Device.csproj", "{D9105B35-AF96-476F-A644-18FA2C301DDF}"
EndProject
Project("{FAE04EC0-301F-11D3-BF4B-00C04F79EFBC}") = "CosmosdbDeviceTrigger", "CosmosdbDeviceTrigger\CosmosdbDeviceTrigger.csproj", "{5259662E-1580-4B2B-885C-F4286CD78188}"
EndProject
Global
	GlobalSection(SolutionConfigurationPlatforms) = preSolution
		Debug|Any CPU = Debug|Any CPU
		Release|Any CPU = Release|Any CPU
	EndGlobalSection
	GlobalSection(ProjectConfigurationPlatforms) = postSolution
		{087AB466-7B38-48C8-ABBD-60DACEE49493}.Debug|Any CPU.ActiveCfg = Debug|Any CPU
		{087AB466-7B38-48C8-ABBD-60DACEE49493}.Debug|Any CPU.Build.0 = Debug|Any CPU
		{087AB466-7B38-48C8-ABBD-60DACEE49493}.Release|Any CPU.ActiveCfg = Release|Any CPU
		{087AB466-7B38-48C8-ABBD-60DACEE49493}.Release|Any CPU.Build.0 = Release|Any CPU
		{D9105B35-AF96-476F-A644-18FA2C301DDF}.Debug|Any CPU.ActiveCfg = Debug|Any CPU
		{D9105B35-AF96-476F-A644-18FA2C301DDF}.Debug|Any CPU.Build.0 = Debug|Any CPU
		{D9105B35-AF96-476F-A644-18FA2C301DDF}.Release|Any CPU.ActiveCfg = Release|Any CPU
		{D9105B35-AF96-476F-A644-18FA2C301DDF}.Release|Any CPU.Build.0 = Release|Any CPU
		{5259662E-1580-4B2B-885C-F4286CD78188}.Debug|Any CPU.ActiveCfg = Debug|Any CPU
		{5259662E-1580-4B2B-885C-F4286CD78188}.Debug|Any CPU.Build.0 = Debug|Any CPU
		{5259662E-1580-4B2B-885C-F4286CD78188}.Release|Any CPU.ActiveCfg = Release|Any CPU
		{5259662E-1580-4B2B-885C-F4286CD78188}.Release|Any CPU.Build.0 = Release|Any CPU
	EndGlobalSection
	GlobalSection(SolutionProperties) = preSolution
		HideSolutionNode = FALSE
	EndGlobalSection
	GlobalSection(ExtensibilityGlobals) = postSolution
		SolutionGuid = {CFFA0301-32FD-4F3F-AC0D-374FDCE51E68}
	EndGlobalSection
EndGlobal
